
Microsoft Visual Studio Solution File, Format Version 12.00
# Visual Studio Version 17
VisualStudioVersion = 17.5.002.0
MinimumVisualStudioVersion = 10.0.40219.1
Project("{9A19103F-16F7-4668-BE54-9A1E7A4F7556}") = "Pattern Matching", "Pattern Matching.csproj", "{96009960-64D9-4712-A1FF-39BB6535D2EF}"
EndProject
Global
	GlobalSection(SolutionConfigurationPlatforms) = preSolution
		Debug|Any CPU = Debug|Any CPU
		Release|Any CPU = Release|Any CPU
	EndGlobalSection
	GlobalSection(ProjectConfigurationPlatforms) = postSolution
		{96009960-64D9-4712-A1FF-39BB6535D2EF}.Debug|Any CPU.ActiveCfg = Debug|Any CPU
		{96009960-64D9-4712-A1FF-39BB6535D2EF}.Debug|Any CPU.Build.0 = Debug|Any CPU
		{96009960-64D9-4712-A1FF-39BB6535D2EF}.Release|Any CPU.ActiveCfg = Release|Any CPU
		{96009960-64D9-4712-A1FF-39BB6535D2EF}.Release|Any CPU.Build.0 = Release|Any CPU
	EndGlobalSection
	GlobalSection(SolutionProperties) = preSolution
		HideSolutionNode = FALSE
	EndGlobalSection
	GlobalSection(ExtensibilityGlobals) = postSolution
		SolutionGuid = {EE426DD4-1538-4441-9130-48522859ABB4}
	EndGlobalSection
EndGlobal
